
Microsoft Visual Studio Solution File, Format Version 11.00
# Visual Studio 2010
Project("{FAE04EC0-301F-11D3-BF4B-00C04F79EFBC}") = "DaqApplication", "DaqApplication\DaqApplication.csproj", "{D63BE181-AD2F-40F1-9684-779A58818861}"
EndProject
Project("{54435603-DBB4-11D2-8724-00A0C9A8B90C}") = "Setup", "Setup\Setup.vdproj", "{DD297E4C-B89D-425C-8A40-5155380A4B83}"
EndProject
Global
	GlobalSection(SolutionConfigurationPlatforms) = preSolution
		Debug|Any CPU = Debug|Any CPU
		Release|Any CPU = Release|Any CPU
	EndGlobalSection
	GlobalSection(ProjectConfigurationPlatforms) = postSolution
		{D63BE181-AD2F-40F1-9684-779A58818861}.Debug|Any CPU.ActiveCfg = Debug|Any CPU
		{D63BE181-AD2F-40F1-9684-779A58818861}.Debug|Any CPU.Build.0 = Debug|Any CPU
		{D63BE181-AD2F-40F1-9684-779A58818861}.Release|Any CPU.ActiveCfg = Release|Any CPU
		{D63BE181-AD2F-40F1-9684-779A58818861}.Release|Any CPU.Build.0 = Release|Any CPU
		{DD297E4C-B89D-425C-8A40-5155380A4B83}.Debug|Any CPU.ActiveCfg = Debug
		{DD297E4C-B89D-425C-8A40-5155380A4B83}.Release|Any CPU.ActiveCfg = Release
	EndGlobalSection
	GlobalSection(SolutionProperties) = preSolution
		HideSolutionNode = FALSE
	EndGlobalSection
EndGlobal
